// !$*UTF8*$!
{
	archiveVersion = 1;
	classes = {
	};
	objectVersion = 46;
	objects = {

/* Begin PBXBuildFile section */
		DF125FBA153412D500459D5D /* CalendarView.m in Sources */ = {isa = PBXBuildFile; fileRef = DF125FB9153412D400459D5D /* CalendarView.m */; };
		DF125FBD153412E700459D5D /* CalendarView.xib in Resources */ = {isa = PBXBuildFile; fileRef = DF125FBC153412E700459D5D /* CalendarView.xib */; };
		DF125FD215354CF100459D5D /* TimeLineViewController.m in Sources */ = {isa = PBXBuildFile; fileRef = DF125FD015354CF100459D5D /* TimeLineViewController.m */; };
		DF125FD315354CF100459D5D /* TimeLineViewController.xib in Resources */ = {isa = PBXBuildFile; fileRef = DF125FD115354CF100459D5D /* TimeLineViewController.xib */; };
		DF125FD915354D1F00459D5D /* QAViewController.m in Sources */ = {isa = PBXBuildFile; fileRef = DF125FD715354D1F00459D5D /* QAViewController.m */; };
		DF125FDA15354D1F00459D5D /* QAViewController.xib in Resources */ = {isa = PBXBuildFile; fileRef = DF125FD815354D1F00459D5D /* QAViewController.xib */; };
		DF125FDE15354D3500459D5D /* SearchViewController.m in Sources */ = {isa = PBXBuildFile; fileRef = DF125FDC15354D3500459D5D /* SearchViewController.m */; };
		DF125FDF15354D3500459D5D /* SearchViewController.xib in Resources */ = {isa = PBXBuildFile; fileRef = DF125FDD15354D3500459D5D /* SearchViewController.xib */; };
		DF125FE21535766900459D5D /* feed-thought-bubble.png in Resources */ = {isa = PBXBuildFile; fileRef = DF125FE01535766900459D5D /* feed-thought-bubble.png */; };
		DF125FE31535766900459D5D /* feed-thought-bubble@2x.png in Resources */ = {isa = PBXBuildFile; fileRef = DF125FE11535766900459D5D /* feed-thought-bubble@2x.png */; };
		DF125FE61535769900459D5D /* feed-comment-bubble.png in Resources */ = {isa = PBXBuildFile; fileRef = DF125FE41535769900459D5D /* feed-comment-bubble.png */; };
		DF125FE71535769900459D5D /* feed-comment-bubble@2x.png in Resources */ = {isa = PBXBuildFile; fileRef = DF125FE51535769900459D5D /* feed-comment-bubble@2x.png */; };
		DF125FEA1535785D00459D5D /* feed-paper-texture.png in Resources */ = {isa = PBXBuildFile; fileRef = DF125FE81535785C00459D5D /* feed-paper-texture.png */; };
		DF125FEB1535785D00459D5D /* feed-paper-texture@2x.png in Resources */ = {isa = PBXBuildFile; fileRef = DF125FE91535785D00459D5D /* feed-paper-texture@2x.png */; };
		DF1A566B153AA18E005FB635 /* BookmarkTableViewController.m in Sources */ = {isa = PBXBuildFile; fileRef = DF1A5669153AA18E005FB635 /* BookmarkTableViewController.m */; };
		DF1A566C153AA18E005FB635 /* BookmarkTableViewController.xib in Resources */ = {isa = PBXBuildFile; fileRef = DF1A566A153AA18E005FB635 /* BookmarkTableViewController.xib */; };
		DF1A5671153AA4DE005FB635 /* SettingViewController.m in Sources */ = {isa = PBXBuildFile; fileRef = DF1A566F153AA4DE005FB635 /* SettingViewController.m */; };
		DF1A5672153AA4DE005FB635 /* SettingViewController.xib in Resources */ = {isa = PBXBuildFile; fileRef = DF1A5670153AA4DE005FB635 /* SettingViewController.xib */; };
		DF1A5675153AAC0E005FB635 /* PregnancyBookmark.m in Sources */ = {isa = PBXBuildFile; fileRef = DF1A5674153AAC0E005FB635 /* PregnancyBookmark.m */; };
		DF43603E15370F0C00ABFFDD /* label.png in Resources */ = {isa = PBXBuildFile; fileRef = DF43603D15370F0C00ABFFDD /* label.png */; };
		DF436045153713F400ABFFDD /* Default.png in Resources */ = {isa = PBXBuildFile; fileRef = DF436044153713F400ABFFDD /* Default.png */; };
		DF4360471537145A00ABFFDD /* root_bg.png in Resources */ = {isa = PBXBuildFile; fileRef = DF4360461537145A00ABFFDD /* root_bg.png */; };
		DF6BFBF6153083C300FC0AFD /* nav_1.png in Resources */ = {isa = PBXBuildFile; fileRef = DF6BFBF4153083C300FC0AFD /* nav_1.png */; };
		DF6BFBF7153083C300FC0AFD /* nav_1@2x.png in Resources */ = {isa = PBXBuildFile; fileRef = DF6BFBF5153083C300FC0AFD /* nav_1@2x.png */; };
		DF6BFBFE1530859C00FC0AFD /* nav_2.png in Resources */ = {isa = PBXBuildFile; fileRef = DF6BFBF81530859C00FC0AFD /* nav_2.png */; };
		DF6BFBFF1530859C00FC0AFD /* nav_2@2x.png in Resources */ = {isa = PBXBuildFile; fileRef = DF6BFBF91530859C00FC0AFD /* nav_2@2x.png */; };
		DF6BFC001530859C00FC0AFD /* nav_3.png in Resources */ = {isa = PBXBuildFile; fileRef = DF6BFBFA1530859C00FC0AFD /* nav_3.png */; };
		DF6BFC011530859C00FC0AFD /* nav_3@2x.png in Resources */ = {isa = PBXBuildFile; fileRef = DF6BFBFB1530859C00FC0AFD /* nav_3@2x.png */; };
		DF6BFC0A153087FA00FC0AFD /* nav_4.png in Resources */ = {isa = PBXBuildFile; fileRef = DF6BFC08153087FA00FC0AFD /* nav_4.png */; };
		DF6BFC0B153087FA00FC0AFD /* nav_4@2x.png in Resources */ = {isa = PBXBuildFile; fileRef = DF6BFC09153087FA00FC0AFD /* nav_4@2x.png */; };
		DF6BFC0E153088C800FC0AFD /* tips_1.png in Resources */ = {isa = PBXBuildFile; fileRef = DF6BFC0C153088C800FC0AFD /* tips_1.png */; };
		DF6BFC0F153088C800FC0AFD /* tips_1@2x.png in Resources */ = {isa = PBXBuildFile; fileRef = DF6BFC0D153088C800FC0AFD /* tips_1@2x.png */; };
		DF7A92471532EEF3004B8AB9 /* AHomeView.xib in Resources */ = {isa = PBXBuildFile; fileRef = DF7A92461532EEF3004B8AB9 /* AHomeView.xib */; };
		DF7F1867153589EC00D8A616 /* tag_1.png in Resources */ = {isa = PBXBuildFile; fileRef = DF7F1866153589EC00D8A616 /* tag_1.png */; };
		DF7F186D15358C5900D8A616 /* tag_2.png in Resources */ = {isa = PBXBuildFile; fileRef = DF7F186915358C5900D8A616 /* tag_2.png */; };
		DF7F186E15358C5900D8A616 /* tag_3.png in Resources */ = {isa = PBXBuildFile; fileRef = DF7F186A15358C5900D8A616 /* tag_3.png */; };
		DF7F186F15358C5900D8A616 /* tag_4.png in Resources */ = {isa = PBXBuildFile; fileRef = DF7F186B15358C5900D8A616 /* tag_4.png */; };
		DF7F187015358C5900D8A616 /* tag_5.png in Resources */ = {isa = PBXBuildFile; fileRef = DF7F186C15358C5900D8A616 /* tag_5.png */; };
		DF7F1876153597EB00D8A616 /* label_1.png in Resources */ = {isa = PBXBuildFile; fileRef = DF7F1875153597EB00D8A616 /* label_1.png */; };
		DF8142491530788600284D86 /* UIKit.framework in Frameworks */ = {isa = PBXBuildFile; fileRef = DF8142481530788600284D86 /* UIKit.framework */; };
		DF81424B1530788600284D86 /* Foundation.framework in Frameworks */ = {isa = PBXBuildFile; fileRef = DF81424A1530788600284D86 /* Foundation.framework */; };
		DF81424D1530788600284D86 /* CoreGraphics.framework in Frameworks */ = {isa = PBXBuildFile; fileRef = DF81424C1530788600284D86 /* CoreGraphics.framework */; };
		DF8142531530788700284D86 /* InfoPlist.strings in Resources */ = {isa = PBXBuildFile; fileRef = DF8142511530788600284D86 /* InfoPlist.strings */; };
		DF8142551530788700284D86 /* main.m in Sources */ = {isa = PBXBuildFile; fileRef = DF8142541530788700284D86 /* main.m */; };
		DF8142591530788700284D86 /* UBTAppDelegate.m in Sources */ = {isa = PBXBuildFile; fileRef = DF8142581530788700284D86 /* UBTAppDelegate.m */; };
		DF8142711530791F00284D86 /* FMDatabase.m in Sources */ = {isa = PBXBuildFile; fileRef = DF8142681530791F00284D86 /* FMDatabase.m */; };
		DF8142721530791F00284D86 /* FMDatabaseAdditions.m in Sources */ = {isa = PBXBuildFile; fileRef = DF81426A1530791F00284D86 /* FMDatabaseAdditions.m */; };
		DF8142731530791F00284D86 /* FMDatabasePool.m in Sources */ = {isa = PBXBuildFile; fileRef = DF81426C1530791F00284D86 /* FMDatabasePool.m */; };
		DF8142741530791F00284D86 /* FMDatabaseQueue.m in Sources */ = {isa = PBXBuildFile; fileRef = DF81426E1530791F00284D86 /* FMDatabaseQueue.m */; };
		DF8142751530791F00284D86 /* FMResultSet.m in Sources */ = {isa = PBXBuildFile; fileRef = DF8142701530791F00284D86 /* FMResultSet.m */; };
		DF8142781530793600284D86 /* NSDate+Helper.m in Sources */ = {isa = PBXBuildFile; fileRef = DF8142771530793600284D86 /* NSDate+Helper.m */; };
		DF81427A1530794F00284D86 /* libsqlite3.dylib in Frameworks */ = {isa = PBXBuildFile; fileRef = DF8142791530794F00284D86 /* libsqlite3.dylib */; };
		DF81427C1530795D00284D86 /* QuartzCore.framework in Frameworks */ = {isa = PBXBuildFile; fileRef = DF81427B1530795D00284D86 /* QuartzCore.framework */; };
		DF81429015307A0B00284D86 /* date_tab.png in Resources */ = {isa = PBXBuildFile; fileRef = DF81428015307A0B00284D86 /* date_tab.png */; };
		DF81429115307A0B00284D86 /* date_tab@2x.png in Resources */ = {isa = PBXBuildFile; fileRef = DF81428115307A0B00284D86 /* date_tab@2x.png */; };
		DF81429615307A0B00284D86 /* search_bar.png in Resources */ = {isa = PBXBuildFile; fileRef = DF81428615307A0B00284D86 /* search_bar.png */; };
		DF81429715307A0B00284D86 /* search_bar@2x.png in Resources */ = {isa = PBXBuildFile; fileRef = DF81428715307A0B00284D86 /* search_bar@2x.png */; };
		DF81429815307A0B00284D86 /* text_line_1.png in Resources */ = {isa = PBXBuildFile; fileRef = DF81428815307A0B00284D86 /* text_line_1.png */; };
		DF81429915307A0B00284D86 /* text_line_1@2x.png in Resources */ = {isa = PBXBuildFile; fileRef = DF81428915307A0B00284D86 /* text_line_1@2x.png */; };
		DF81429A15307A0B00284D86 /* text_line_2.png in Resources */ = {isa = PBXBuildFile; fileRef = DF81428A15307A0B00284D86 /* text_line_2.png */; };
		DF81429B15307A0B00284D86 /* text_line_2@2x.png in Resources */ = {isa = PBXBuildFile; fileRef = DF81428B15307A0B00284D86 /* text_line_2@2x.png */; };
		DF81429E15307A0B00284D86 /* tips_2.png in Resources */ = {isa = PBXBuildFile; fileRef = DF81428E15307A0B00284D86 /* tips_2.png */; };
		DF81429F15307A0B00284D86 /* tips_2@2x.png in Resources */ = {isa = PBXBuildFile; fileRef = DF81428F15307A0B00284D86 /* tips_2@2x.png */; };
		DF815FD01537C7D700AE17F9 /* search_icon.png in Resources */ = {isa = PBXBuildFile; fileRef = DF815FCE1537C7D600AE17F9 /* search_icon.png */; };
		DF815FD11537C7D700AE17F9 /* search_icon@2x.png in Resources */ = {isa = PBXBuildFile; fileRef = DF815FCF1537C7D700AE17F9 /* search_icon@2x.png */; };
		DF815FD61537D18C00AE17F9 /* OverlayViewController.m in Sources */ = {isa = PBXBuildFile; fileRef = DF815FD41537D18C00AE17F9 /* OverlayViewController.m */; };
		DF815FD71537D18C00AE17F9 /* OverlayViewController.xib in Resources */ = {isa = PBXBuildFile; fileRef = DF815FD51537D18C00AE17F9 /* OverlayViewController.xib */; };
		DF815FDA1537D51E00AE17F9 /* OverlayView.m in Sources */ = {isa = PBXBuildFile; fileRef = DF815FD91537D51D00AE17F9 /* OverlayView.m */; };
		DF8160151538129E00AE17F9 /* Default@2x.png in Resources */ = {isa = PBXBuildFile; fileRef = DF8160141538129E00AE17F9 /* Default@2x.png */; };
		DF816017153812B500AE17F9 /* root_bg@2x.png in Resources */ = {isa = PBXBuildFile; fileRef = DF816016153812B500AE17F9 /* root_bg@2x.png */; };
		DF8160221538162100AE17F9 /* nav-bar-back-button-pressed.png in Resources */ = {isa = PBXBuildFile; fileRef = DF8160181538162000AE17F9 /* nav-bar-back-button-pressed.png */; };
		DF8160231538162100AE17F9 /* nav-bar-back-button-pressed@2x.png in Resources */ = {isa = PBXBuildFile; fileRef = DF8160191538162000AE17F9 /* nav-bar-back-button-pressed@2x.png */; };
		DF8160241538162100AE17F9 /* nav-bar-back-button.png in Resources */ = {isa = PBXBuildFile; fileRef = DF81601A1538162000AE17F9 /* nav-bar-back-button.png */; };
		DF8160251538162100AE17F9 /* nav-bar-back-button@2x.png in Resources */ = {isa = PBXBuildFile; fileRef = DF81601B1538162000AE17F9 /* nav-bar-back-button@2x.png */; };
		DF8160261538162100AE17F9 /* nav-bar-button-pressed.png in Resources */ = {isa = PBXBuildFile; fileRef = DF81601C1538162000AE17F9 /* nav-bar-button-pressed.png */; };
		DF8160271538162100AE17F9 /* nav-bar-button-pressed@2x.png in Resources */ = {isa = PBXBuildFile; fileRef = DF81601D1538162000AE17F9 /* nav-bar-button-pressed@2x.png */; };
		DF8160281538162100AE17F9 /* nav-bar-button.png in Resources */ = {isa = PBXBuildFile; fileRef = DF81601E1538162000AE17F9 /* nav-bar-button.png */; };
		DF8160291538162100AE17F9 /* nav-bar-button@2x.png in Resources */ = {isa = PBXBuildFile; fileRef = DF81601F1538162100AE17F9 /* nav-bar-button@2x.png */; };
		DF81602A1538162100AE17F9 /* nav-bar.png in Resources */ = {isa = PBXBuildFile; fileRef = DF8160201538162100AE17F9 /* nav-bar.png */; };
		DF81602B1538162100AE17F9 /* nav-bar@2x.png in Resources */ = {isa = PBXBuildFile; fileRef = DF8160211538162100AE17F9 /* nav-bar@2x.png */; };
		DF8160301538163200AE17F9 /* nav-friends-icon.png in Resources */ = {isa = PBXBuildFile; fileRef = DF81602C1538163100AE17F9 /* nav-friends-icon.png */; };
		DF8160311538163200AE17F9 /* nav-friends-icon@2x.png in Resources */ = {isa = PBXBuildFile; fileRef = DF81602D1538163100AE17F9 /* nav-friends-icon@2x.png */; };
		DF8160321538163200AE17F9 /* nav-menu-icon.png in Resources */ = {isa = PBXBuildFile; fileRef = DF81602E1538163100AE17F9 /* nav-menu-icon.png */; };
		DF8160331538163200AE17F9 /* nav-menu-icon@2x.png in Resources */ = {isa = PBXBuildFile; fileRef = DF81602F1538163200AE17F9 /* nav-menu-icon@2x.png */; };
		DF81603E1538241A00AE17F9 /* MenuViewController.m in Sources */ = {isa = PBXBuildFile; fileRef = DF81603C1538241A00AE17F9 /* MenuViewController.m */; };
		DF81603F1538241A00AE17F9 /* MenuViewController.xib in Resources */ = {isa = PBXBuildFile; fileRef = DF81603D1538241A00AE17F9 /* MenuViewController.xib */; };
		DF816042153824E500AE17F9 /* menu-background.png in Resources */ = {isa = PBXBuildFile; fileRef = DF816040153824E300AE17F9 /* menu-background.png */; };
		DF816043153824E500AE17F9 /* menu-background@2x.png in Resources */ = {isa = PBXBuildFile; fileRef = DF816041153824E400AE17F9 /* menu-background@2x.png */; };
		DF816048153825A800AE17F9 /* menu-chevron.png in Resources */ = {isa = PBXBuildFile; fileRef = DF816044153825A400AE17F9 /* menu-chevron.png */; };
		DF816049153825A800AE17F9 /* menu-chevron@2x.png in Resources */ = {isa = PBXBuildFile; fileRef = DF816045153825A400AE17F9 /* menu-chevron@2x.png */; };
		DF81604A153825A800AE17F9 /* menu-divider.png in Resources */ = {isa = PBXBuildFile; fileRef = DF816046153825A500AE17F9 /* menu-divider.png */; };
		DF81604B153825A800AE17F9 /* menu-divider@2x.png in Resources */ = {isa = PBXBuildFile; fileRef = DF816047153825A700AE17F9 /* menu-divider@2x.png */; };
		DF8CA94E15371C9300CF7866 /* paper.png in Resources */ = {isa = PBXBuildFile; fileRef = DF8CA94D15371C9300CF7866 /* paper.png */; };
		DFDA060E1532EC940038B1C5 /* HomeViewController.xib in Resources */ = {isa = PBXBuildFile; fileRef = DFDA060D1532EC940038B1C5 /* HomeViewController.xib */; };
		DFDA06121532ECCA0038B1C5 /* AHomeView.m in Sources */ = {isa = PBXBuildFile; fileRef = DFDA06111532ECCA0038B1C5 /* AHomeView.m */; };
		DFDCC8311532EB9100E340BD /* HomeViewController.m in Sources */ = {isa = PBXBuildFile; fileRef = DFDCC8301532EB9100E340BD /* HomeViewController.m */; };
		DFE720901538734A0020DFD8 /* UPTContentView.m in Sources */ = {isa = PBXBuildFile; fileRef = DFE7208F1538734A0020DFD8 /* UPTContentView.m */; };
		DFE7209515388C640020DFD8 /* app-icon-57.png in Resources */ = {isa = PBXBuildFile; fileRef = DFE7209315388C640020DFD8 /* app-icon-57.png */; };
		DFE7209615388C640020DFD8 /* app-icon-114.png in Resources */ = {isa = PBXBuildFile; fileRef = DFE7209415388C640020DFD8 /* app-icon-114.png */; };
		DFEFF2B71531C80500A390F4 /* TipsViewController.m in Sources */ = {isa = PBXBuildFile; fileRef = DFEFF2B61531C80500A390F4 /* TipsViewController.m */; };
		DFEFF2BA1531CFB500A390F4 /* close.png in Resources */ = {isa = PBXBuildFile; fileRef = DFEFF2B91531CFB500A390F4 /* close.png */; };
		DFF832A715394DD6005AA2C9 /* paper_bg.png in Resources */ = {isa = PBXBuildFile; fileRef = DFF832A515394DD6005AA2C9 /* paper_bg.png */; };
		DFF832A815394DD6005AA2C9 /* paper_bg@2x.png in Resources */ = {isa = PBXBuildFile; fileRef = DFF832A615394DD6005AA2C9 /* paper_bg@2x.png */; };
		DFF832AC153952BA005AA2C9 /* DirectionPanGestureRecognizer.m in Sources */ = {isa = PBXBuildFile; fileRef = DFF832AB153952BA005AA2C9 /* DirectionPanGestureRecognizer.m */; };
		DFF832AE15395B62005AA2C9 /* TipsViewController.xib in Resources */ = {isa = PBXBuildFile; fileRef = DFF832AD15395B62005AA2C9 /* TipsViewController.xib */; };
		DFF832DC1539C360005AA2C9 /* Calendar.png in Resources */ = {isa = PBXBuildFile; fileRef = DFF832DB1539C360005AA2C9 /* Calendar.png */; };
		DFF832DE1539C37B005AA2C9 /* Search.png in Resources */ = {isa = PBXBuildFile; fileRef = DFF832DD1539C37A005AA2C9 /* Search.png */; };
		DFF832E01539C389005AA2C9 /* Help.png in Resources */ = {isa = PBXBuildFile; fileRef = DFF832DF1539C388005AA2C9 /* Help.png */; };
		DFF832E61539C6A0005AA2C9 /* Clock.png in Resources */ = {isa = PBXBuildFile; fileRef = DFF832E51539C6A0005AA2C9 /* Clock.png */; };
		DFF832EB1539C802005AA2C9 /* Calendar@2x.png in Resources */ = {isa = PBXBuildFile; fileRef = DFF832E71539C801005AA2C9 /* Calendar@2x.png */; };
		DFF832EC1539C802005AA2C9 /* Clock@2x.png in Resources */ = {isa = PBXBuildFile; fileRef = DFF832E81539C801005AA2C9 /* Clock@2x.png */; };
		DFF832ED1539C802005AA2C9 /* Help@2x.png in Resources */ = {isa = PBXBuildFile; fileRef = DFF832E91539C801005AA2C9 /* Help@2x.png */; };
		DFF832EE1539C802005AA2C9 /* Search@2x.png in Resources */ = {isa = PBXBuildFile; fileRef = DFF832EA1539C802005AA2C9 /* Search@2x.png */; };
		DFF832F21539C97A005AA2C9 /* Favorite - Add.png in Resources */ = {isa = PBXBuildFile; fileRef = DFF832EF1539C978005AA2C9 /* Favorite - Add.png */; };
		DFF832F31539C97A005AA2C9 /* Favorite - Remove.png in Resources */ = {isa = PBXBuildFile; fileRef = DFF832F01539C978005AA2C9 /* Favorite - Remove.png */; };
		DFF832F41539C97A005AA2C9 /* Favorites.png in Resources */ = {isa = PBXBuildFile; fileRef = DFF832F11539C979005AA2C9 /* Favorites.png */; };
		DFF832F9153A6638005AA2C9 /* Bookmarks.png in Resources */ = {isa = PBXBuildFile; fileRef = DFF832F5153A6636005AA2C9 /* Bookmarks.png */; };
		DFF832FA153A6638005AA2C9 /* Bookmarks@2x.png in Resources */ = {isa = PBXBuildFile; fileRef = DFF832F6153A6636005AA2C9 /* Bookmarks@2x.png */; };
		DFF832FB153A6638005AA2C9 /* Settings.png in Resources */ = {isa = PBXBuildFile; fileRef = DFF832F7153A6637005AA2C9 /* Settings.png */; };
		DFF832FC153A6638005AA2C9 /* Settings@2x.png in Resources */ = {isa = PBXBuildFile; fileRef = DFF832F8153A6637005AA2C9 /* Settings@2x.png */; };
		DFFB62591532BF8900BE246A /* PagingView.m in Sources */ = {isa = PBXBuildFile; fileRef = DFFB62581532BF8900BE246A /* PagingView.m */; };
		DFFDB10B15313F7F00FF6A47 /* RootViewController.m in Sources */ = {isa = PBXBuildFile; fileRef = DFFDB10915313F7F00FF6A47 /* RootViewController.m */; };
		DFFDB10C15313F7F00FF6A47 /* RootViewController.xib in Resources */ = {isa = PBXBuildFile; fileRef = DFFDB10A15313F7F00FF6A47 /* RootViewController.xib */; };
		DFFDB10E153169E000FF6A47 /* LabelProperty-Config.plist in Resources */ = {isa = PBXBuildFile; fileRef = DFFDB10D153169E000FF6A47 /* LabelProperty-Config.plist */; };
		DFFDB11115316A0E00FF6A47 /* LabelConverter.m in Sources */ = {isa = PBXBuildFile; fileRef = DFFDB11015316A0E00FF6A47 /* LabelConverter.m */; };
		DFFDB11715317AA200FF6A47 /* ubabytime.sqlite in Resources */ = {isa = PBXBuildFile; fileRef = DFFDB11615317AA200FF6A47 /* ubabytime.sqlite */; };
		DFFDB11C15317AD400FF6A47 /* DatabaseAccess.m in Sources */ = {isa = PBXBuildFile; fileRef = DFFDB11B15317AD400FF6A47 /* DatabaseAccess.m */; };
		DFFDB12115317AE900FF6A47 /* PregnancyDaliyTips.m in Sources */ = {isa = PBXBuildFile; fileRef = DFFDB11E15317AE900FF6A47 /* PregnancyDaliyTips.m */; };
		DFFDB12215317AE900FF6A47 /* PregnancyDaliyTipsType.m in Sources */ = {isa = PBXBuildFile; fileRef = DFFDB12015317AE900FF6A47 /* PregnancyDaliyTipsType.m */; };
		DFFDB12715317B1600FF6A47 /* PregnancyPeriod.m in Sources */ = {isa = PBXBuildFile; fileRef = DFFDB12415317B1600FF6A47 /* PregnancyPeriod.m */; };
		DFFDB12815317B1600FF6A47 /* PregnancyWeeklyTips.m in Sources */ = {isa = PBXBuildFile; fileRef = DFFDB12615317B1600FF6A47 /* PregnancyWeeklyTips.m */; };
		DFFDB12B15317B4800FF6A47 /* NSObject+Properties.m in Sources */ = {isa = PBXBuildFile; fileRef = DFFDB12A15317B4800FF6A47 /* NSObject+Properties.m */; };
		DFFDB12E15317B5A00FF6A47 /* NSString+PropertyKVC.m in Sources */ = {isa = PBXBuildFile; fileRef = DFFDB12D15317B5A00FF6A47 /* NSString+PropertyKVC.m */; };
/* End PBXBuildFile section */

/* Begin PBXFileReference section */
		DF125FB8153412D400459D5D /* CalendarView.h */ = {isa = PBXFileReference; fileEncoding = 4; lastKnownFileType = sourcecode.c.h; path = CalendarView.h; sourceTree = "<group>"; };
		DF125FB9153412D400459D5D /* CalendarView.m */ = {isa = PBXFileReference; fileEncoding = 4; lastKnownFileType = sourcecode.c.objc; path = CalendarView.m; sourceTree = "<group>"; };
		DF125FBC153412E700459D5D /* CalendarView.xib */ = {isa = PBXFileReference; fileEncoding = 4; lastKnownFileType = file.xib; path = CalendarView.xib; sourceTree = "<group>"; };
		DF125FCF15354CF100459D5D /* TimeLineViewController.h */ = {isa = PBXFileReference; fileEncoding = 4; lastKnownFileType = sourcecode.c.h; path = TimeLineViewController.h; sourceTree = "<group>"; };
		DF125FD015354CF100459D5D /* TimeLineViewController.m */ = {isa = PBXFileReference; fileEncoding = 4; lastKnownFileType = sourcecode.c.objc; path = TimeLineViewController.m; sourceTree = "<group>"; };
		DF125FD115354CF100459D5D /* TimeLineViewController.xib */ = {isa = PBXFileReference; fileEncoding = 4; lastKnownFileType = file.xib; path = TimeLineViewController.xib; sourceTree = "<group>"; };
		DF125FD615354D1F00459D5D /* QAViewController.h */ = {isa = PBXFileReference; fileEncoding = 4; lastKnownFileType = sourcecode.c.h; path = QAViewController.h; sourceTree = "<group>"; };
		DF125FD715354D1F00459D5D /* QAViewController.m */ = {isa = PBXFileReference; fileEncoding = 4; lastKnownFileType = sourcecode.c.objc; path = QAViewController.m; sourceTree = "<group>"; };
		DF125FD815354D1F00459D5D /* QAViewController.xib */ = {isa = PBXFileReference; fileEncoding = 4; lastKnownFileType = file.xib; path = QAViewController.xib; sourceTree = "<group>"; };
		DF125FDB15354D3500459D5D /* SearchViewController.h */ = {isa = PBXFileReference; fileEncoding = 4; lastKnownFileType = sourcecode.c.h; path = SearchViewController.h; sourceTree = "<group>"; };
		DF125FDC15354D3500459D5D /* SearchViewController.m */ = {isa = PBXFileReference; fileEncoding = 4; lastKnownFileType = sourcecode.c.objc; path = SearchViewController.m; sourceTree = "<group>"; };
		DF125FDD15354D3500459D5D /* SearchViewController.xib */ = {isa = PBXFileReference; fileEncoding = 4; lastKnownFileType = file.xib; path = SearchViewController.xib; sourceTree = "<group>"; };
		DF125FE01535766900459D5D /* feed-thought-bubble.png */ = {isa = PBXFileReference; lastKnownFileType = image.png; path = "feed-thought-bubble.png"; sourceTree = "<group>"; };
		DF125FE11535766900459D5D /* feed-thought-bubble@2x.png */ = {isa = PBXFileReference; lastKnownFileType = image.png; path = "feed-thought-bubble@2x.png"; sourceTree = "<group>"; };
		DF125FE41535769900459D5D /* feed-comment-bubble.png */ = {isa = PBXFileReference; lastKnownFileType = image.png; path = "feed-comment-bubble.png"; sourceTree = "<group>"; };
		DF125FE51535769900459D5D /* feed-comment-bubble@2x.png */ = {isa = PBXFileReference; lastKnownFileType = image.png; path = "feed-comment-bubble@2x.png"; sourceTree = "<group>"; };
		DF125FE81535785C00459D5D /* feed-paper-texture.png */ = {isa = PBXFileReference; lastKnownFileType = image.png; path = "feed-paper-texture.png"; sourceTree = "<group>"; };
		DF125FE91535785D00459D5D /* feed-paper-texture@2x.png */ = {isa = PBXFileReference; lastKnownFileType = image.png; path = "feed-paper-texture@2x.png"; sourceTree = "<group>"; };
		DF1A5668153AA18E005FB635 /* BookmarkTableViewController.h */ = {isa = PBXFileReference; fileEncoding = 4; lastKnownFileType = sourcecode.c.h; path = BookmarkTableViewController.h; sourceTree = "<group>"; };
		DF1A5669153AA18E005FB635 /* BookmarkTableViewController.m */ = {isa = PBXFileReference; fileEncoding = 4; lastKnownFileType = sourcecode.c.objc; path = BookmarkTableViewController.m; sourceTree = "<group>"; };
		DF1A566A153AA18E005FB635 /* BookmarkTableViewController.xib */ = {isa = PBXFileReference; fileEncoding = 4; lastKnownFileType = file.xib; path = BookmarkTableViewController.xib; sourceTree = "<group>"; };
		DF1A566E153AA4DE005FB635 /* SettingViewController.h */ = {isa = PBXFileReference; fileEncoding = 4; lastKnownFileType = sourcecode.c.h; path = SettingViewController.h; sourceTree = "<group>"; };
		DF1A566F153AA4DE005FB635 /* SettingViewController.m */ = {isa = PBXFileReference; fileEncoding = 4; lastKnownFileType = sourcecode.c.objc; path = SettingViewController.m; sourceTree = "<group>"; };
		DF1A5670153AA4DE005FB635 /* SettingViewController.xib */ = {isa = PBXFileReference; fileEncoding = 4; lastKnownFileType = file.xib; path = SettingViewController.xib; sourceTree = "<group>"; };
		DF1A5673153AAC0E005FB635 /* PregnancyBookmark.h */ = {isa = PBXFileReference; fileEncoding = 4; lastKnownFileType = sourcecode.c.h; path = PregnancyBookmark.h; sourceTree = "<group>"; };
		DF1A5674153AAC0E005FB635 /* PregnancyBookmark.m */ = {isa = PBXFileReference; fileEncoding = 4; lastKnownFileType = sourcecode.c.objc; path = PregnancyBookmark.m; sourceTree = "<group>"; };
		DF43603D15370F0C00ABFFDD /* label.png */ = {isa = PBXFileReference; lastKnownFileType = image.png; path = label.png; sourceTree = "<group>"; };
		DF436044153713F400ABFFDD /* Default.png */ = {isa = PBXFileReference; lastKnownFileType = image.png; path = Default.png; sourceTree = "<group>"; };
		DF4360461537145A00ABFFDD /* root_bg.png */ = {isa = PBXFileReference; lastKnownFileType = image.png; path = root_bg.png; sourceTree = "<group>"; };
		DF6BFBF4153083C300FC0AFD /* nav_1.png */ = {isa = PBXFileReference; lastKnownFileType = image.png; path = nav_1.png; sourceTree = "<group>"; };
		DF6BFBF5153083C300FC0AFD /* nav_1@2x.png */ = {isa = PBXFileReference; lastKnownFileType = image.png; path = "nav_1@2x.png"; sourceTree = "<group>"; };
		DF6BFBF81530859C00FC0AFD /* nav_2.png */ = {isa = PBXFileReference; lastKnownFileType = image.png; path = nav_2.png; sourceTree = "<group>"; };
		DF6BFBF91530859C00FC0AFD /* nav_2@2x.png */ = {isa = PBXFileReference; lastKnownFileType = image.png; path = "nav_2@2x.png"; sourceTree = "<group>"; };
		DF6BFBFA1530859C00FC0AFD /* nav_3.png */ = {isa = PBXFileReference; lastKnownFileType = image.png; path = nav_3.png; sourceTree = "<group>"; };
		DF6BFBFB1530859C00FC0AFD /* nav_3@2x.png */ = {isa = PBXFileReference; lastKnownFileType = image.png; path = "nav_3@2x.png"; sourceTree = "<group>"; };
		DF6BFC08153087FA00FC0AFD /* nav_4.png */ = {isa = PBXFileReference; lastKnownFileType = image.png; path = nav_4.png; sourceTree = "<group>"; };
		DF6BFC09153087FA00FC0AFD /* nav_4@2x.png */ = {isa = PBXFileReference; lastKnownFileType = image.png; path = "nav_4@2x.png"; sourceTree = "<group>"; };
		DF6BFC0C153088C800FC0AFD /* tips_1.png */ = {isa = PBXFileReference; lastKnownFileType = image.png; path = tips_1.png; sourceTree = "<group>"; };
		DF6BFC0D153088C800FC0AFD /* tips_1@2x.png */ = {isa = PBXFileReference; lastKnownFileType = image.png; path = "tips_1@2x.png"; sourceTree = "<group>"; };
		DF7A92461532EEF3004B8AB9 /* AHomeView.xib */ = {isa = PBXFileReference; fileEncoding = 4; lastKnownFileType = file.xib; path = AHomeView.xib; sourceTree = "<group>"; };
		DF7F1866153589EC00D8A616 /* tag_1.png */ = {isa = PBXFileReference; lastKnownFileType = image.png; path = tag_1.png; sourceTree = "<group>"; };
		DF7F186915358C5900D8A616 /* tag_2.png */ = {isa = PBXFileReference; lastKnownFileType = image.png; path = tag_2.png; sourceTree = "<group>"; };
		DF7F186A15358C5900D8A616 /* tag_3.png */ = {isa = PBXFileReference; lastKnownFileType = image.png; path = tag_3.png; sourceTree = "<group>"; };
		DF7F186B15358C5900D8A616 /* tag_4.png */ = {isa = PBXFileReference; lastKnownFileType = image.png; path = tag_4.png; sourceTree = "<group>"; };
		DF7F186C15358C5900D8A616 /* tag_5.png */ = {isa = PBXFileReference; lastKnownFileType = image.png; path = tag_5.png; sourceTree = "<group>"; };
		DF7F1875153597EB00D8A616 /* label_1.png */ = {isa = PBXFileReference; lastKnownFileType = image.png; path = label_1.png; sourceTree = "<group>"; };
		DF8142441530788600284D86 /* UPregnancyTime.app */ = {isa = PBXFileReference; explicitFileType = wrapper.application; includeInIndex = 0; path = UPregnancyTime.app; sourceTree = BUILT_PRODUCTS_DIR; };
		DF8142481530788600284D86 /* UIKit.framework */ = {isa = PBXFileReference; lastKnownFileType = wrapper.framework; name = UIKit.framework; path = System/Library/Frameworks/UIKit.framework; sourceTree = SDKROOT; };
		DF81424A1530788600284D86 /* Foundation.framework */ = {isa = PBXFileReference; lastKnownFileType = wrapper.framework; name = Foundation.framework; path = System/Library/Frameworks/Foundation.framework; sourceTree = SDKROOT; };
		DF81424C1530788600284D86 /* CoreGraphics.framework */ = {isa = PBXFileReference; lastKnownFileType = wrapper.framework; name = CoreGraphics.framework; path = System/Library/Frameworks/CoreGraphics.framework; sourceTree = SDKROOT; };
		DF8142501530788600284D86 /* UPregnancyTime-Info.plist */ = {isa = PBXFileReference; lastKnownFileType = text.plist.xml; path = "UPregnancyTime-Info.plist"; sourceTree = "<group>"; };
		DF8142521530788600284D86 /* en */ = {isa = PBXFileReference; lastKnownFileType = text.plist.strings; name = en; path = en.lproj/InfoPlist.strings; sourceTree = "<group>"; };
		DF8142541530788700284D86 /* main.m */ = {isa = PBXFileReference; lastKnownFileType = sourcecode.c.objc; path = main.m; sourceTree = "<group>"; };
		DF8142561530788700284D86 /* UPregnancyTime-Prefix.pch */ = {isa = PBXFileReference; lastKnownFileType = sourcecode.c.h; path = "UPregnancyTime-Prefix.pch"; sourceTree = "<group>"; };
		DF8142571530788700284D86 /* UBTAppDelegate.h */ = {isa = PBXFileReference; lastKnownFileType = sourcecode.c.h; path = UBTAppDelegate.h; sourceTree = "<group>"; };
		DF8142581530788700284D86 /* UBTAppDelegate.m */ = {isa = PBXFileReference; lastKnownFileType = sourcecode.c.objc; path = UBTAppDelegate.m; sourceTree = "<group>"; };
		DF8142671530791F00284D86 /* FMDatabase.h */ = {isa = PBXFileReference; fileEncoding = 4; lastKnownFileType = sourcecode.c.h; path = FMDatabase.h; sourceTree = "<group>"; };
		DF8142681530791F00284D86 /* FMDatabase.m */ = {isa = PBXFileReference; fileEncoding = 4; lastKnownFileType = sourcecode.c.objc; path = FMDatabase.m; sourceTree = "<group>"; };
		DF8142691530791F00284D86 /* FMDatabaseAdditions.h */ = {isa = PBXFileReference; fileEncoding = 4; lastKnownFileType = sourcecode.c.h; path = FMDatabaseAdditions.h; sourceTree = "<group>"; };
		DF81426A1530791F00284D86 /* FMDatabaseAdditions.m */ = {isa = PBXFileReference; fileEncoding = 4; lastKnownFileType = sourcecode.c.objc; path = FMDatabaseAdditions.m; sourceTree = "<group>"; };
		DF81426B1530791F00284D86 /* FMDatabasePool.h */ = {isa = PBXFileReference; fileEncoding = 4; lastKnownFileType = sourcecode.c.h; path = FMDatabasePool.h; sourceTree = "<group>"; };
		DF81426C1530791F00284D86 /* FMDatabasePool.m */ = {isa = PBXFileReference; fileEncoding = 4; lastKnownFileType = sourcecode.c.objc; path = FMDatabasePool.m; sourceTree = "<group>"; };
		DF81426D1530791F00284D86 /* FMDatabaseQueue.h */ = {isa = PBXFileReference; fileEncoding = 4; lastKnownFileType = sourcecode.c.h; path = FMDatabaseQueue.h; sourceTree = "<group>"; };
		DF81426E1530791F00284D86 /* FMDatabaseQueue.m */ = {isa = PBXFileReference; fileEncoding = 4; lastKnownFileType = sourcecode.c.objc; path = FMDatabaseQueue.m; sourceTree = "<group>"; };
		DF81426F1530791F00284D86 /* FMResultSet.h */ = {isa = PBXFileReference; fileEncoding = 4; lastKnownFileType = sourcecode.c.h; path = FMResultSet.h; sourceTree = "<group>"; };
		DF8142701530791F00284D86 /* FMResultSet.m */ = {isa = PBXFileReference; fileEncoding = 4; lastKnownFileType = sourcecode.c.objc; path = FMResultSet.m; sourceTree = "<group>"; };
		DF8142761530793600284D86 /* NSDate+Helper.h */ = {isa = PBXFileReference; fileEncoding = 4; lastKnownFileType = sourcecode.c.h; path = "NSDate+Helper.h"; sourceTree = "<group>"; };
		DF8142771530793600284D86 /* NSDate+Helper.m */ = {isa = PBXFileReference; fileEncoding = 4; lastKnownFileType = sourcecode.c.objc; path = "NSDate+Helper.m"; sourceTree = "<group>"; };
		DF8142791530794F00284D86 /* libsqlite3.dylib */ = {isa = PBXFileReference; lastKnownFileType = "compiled.mach-o.dylib"; name = libsqlite3.dylib; path = usr/lib/libsqlite3.dylib; sourceTree = SDKROOT; };
		DF81427B1530795D00284D86 /* QuartzCore.framework */ = {isa = PBXFileReference; lastKnownFileType = wrapper.framework; name = QuartzCore.framework; path = System/Library/Frameworks/QuartzCore.framework; sourceTree = SDKROOT; };
		DF81428015307A0B00284D86 /* date_tab.png */ = {isa = PBXFileReference; lastKnownFileType = image.png; path = date_tab.png; sourceTree = "<group>"; };
		DF81428115307A0B00284D86 /* date_tab@2x.png */ = {isa = PBXFileReference; lastKnownFileType = image.png; path = "date_tab@2x.png"; sourceTree = "<group>"; };
		DF81428615307A0B00284D86 /* search_bar.png */ = {isa = PBXFileReference; lastKnownFileType = image.png; path = search_bar.png; sourceTree = "<group>"; };
		DF81428715307A0B00284D86 /* search_bar@2x.png */ = {isa = PBXFileReference; lastKnownFileType = image.png; path = "search_bar@2x.png"; sourceTree = "<group>"; };
		DF81428815307A0B00284D86 /* text_line_1.png */ = {isa = PBXFileReference; lastKnownFileType = image.png; path = text_line_1.png; sourceTree = "<group>"; };
		DF81428915307A0B00284D86 /* text_line_1@2x.png */ = {isa = PBXFileReference; lastKnownFileType = image.png; path = "text_line_1@2x.png"; sourceTree = "<group>"; };
		DF81428A15307A0B00284D86 /* text_line_2.png */ = {isa = PBXFileReference; lastKnownFileType = image.png; path = text_line_2.png; sourceTree = "<group>"; };
		DF81428B15307A0B00284D86 /* text_line_2@2x.png */ = {isa = PBXFileReference; lastKnownFileType = image.png; path = "text_line_2@2x.png"; sourceTree = "<group>"; };
		DF81428E15307A0B00284D86 /* tips_2.png */ = {isa = PBXFileReference; lastKnownFileType = image.png; path = tips_2.png; sourceTree = "<group>"; };
		DF81428F15307A0B00284D86 /* tips_2@2x.png */ = {isa = PBXFileReference; lastKnownFileType = image.png; path = "tips_2@2x.png"; sourceTree = "<group>"; };
		DF815FCE1537C7D600AE17F9 /* search_icon.png */ = {isa = PBXFileReference; lastKnownFileType = image.png; path = search_icon.png; sourceTree = "<group>"; };
		DF815FCF1537C7D700AE17F9 /* search_icon@2x.png */ = {isa = PBXFileReference; lastKnownFileType = image.png; path = "search_icon@2x.png"; sourceTree = "<group>"; };
		DF815FD31537D18C00AE17F9 /* OverlayViewController.h */ = {isa = PBXFileReference; fileEncoding = 4; lastKnownFileType = sourcecode.c.h; path = OverlayViewController.h; sourceTree = "<group>"; };
		DF815FD41537D18C00AE17F9 /* OverlayViewController.m */ = {isa = PBXFileReference; fileEncoding = 4; lastKnownFileType = sourcecode.c.objc; path = OverlayViewController.m; sourceTree = "<group>"; };
		DF815FD51537D18C00AE17F9 /* OverlayViewController.xib */ = {isa = PBXFileReference; fileEncoding = 4; lastKnownFileType = file.xib; path = OverlayViewController.xib; sourceTree = "<group>"; };
		DF815FD81537D51D00AE17F9 /* OverlayView.h */ = {isa = PBXFileReference; fileEncoding = 4; lastKnownFileType = sourcecode.c.h; path = OverlayView.h; sourceTree = "<group>"; };
		DF815FD91537D51D00AE17F9 /* OverlayView.m */ = {isa = PBXFileReference; fileEncoding = 4; lastKnownFileType = sourcecode.c.objc; path = OverlayView.m; sourceTree = "<group>"; };
		DF8160141538129E00AE17F9 /* Default@2x.png */ = {isa = PBXFileReference; lastKnownFileType = image.png; path = "Default@2x.png"; sourceTree = "<group>"; };
		DF816016153812B500AE17F9 /* root_bg@2x.png */ = {isa = PBXFileReference; lastKnownFileType = image.png; path = "root_bg@2x.png"; sourceTree = "<group>"; };
		DF8160181538162000AE17F9 /* nav-bar-back-button-pressed.png */ = {isa = PBXFileReference; lastKnownFileType = image.png; path = "nav-bar-back-button-pressed.png"; sourceTree = "<group>"; };
		DF8160191538162000AE17F9 /* nav-bar-back-button-pressed@2x.png */ = {isa = PBXFileReference; lastKnownFileType = image.png; path = "nav-bar-back-button-pressed@2x.png"; sourceTree = "<group>"; };
		DF81601A1538162000AE17F9 /* nav-bar-back-button.png */ = {isa = PBXFileReference; lastKnownFileType = image.png; path = "nav-bar-back-button.png"; sourceTree = "<group>"; };
		DF81601B1538162000AE17F9 /* nav-bar-back-button@2x.png */ = {isa = PBXFileReference; lastKnownFileType = image.png; path = "nav-bar-back-button@2x.png"; sourceTree = "<group>"; };
		DF81601C1538162000AE17F9 /* nav-bar-button-pressed.png */ = {isa = PBXFileReference; lastKnownFileType = image.png; path = "nav-bar-button-pressed.png"; sourceTree = "<group>"; };
		DF81601D1538162000AE17F9 /* nav-bar-button-pressed@2x.png */ = {isa = PBXFileReference; lastKnownFileType = image.png; path = "nav-bar-button-pressed@2x.png"; sourceTree = "<group>"; };
		DF81601E1538162000AE17F9 /* nav-bar-button.png */ = {isa = PBXFileReference; lastKnownFileType = image.png; path = "nav-bar-button.png"; sourceTree = "<group>"; };
		DF81601F1538162100AE17F9 /* nav-bar-button@2x.png */ = {isa = PBXFileReference; lastKnownFileType = image.png; path = "nav-bar-button@2x.png"; sourceTree = "<group>"; };
		DF8160201538162100AE17F9 /* nav-bar.png */ = {isa = PBXFileReference; lastKnownFileType = image.png; path = "nav-bar.png"; sourceTree = "<group>"; };
		DF8160211538162100AE17F9 /* nav-bar@2x.png */ = {isa = PBXFileReference; lastKnownFileType = image.png; path = "nav-bar@2x.png"; sourceTree = "<group>"; };
		DF81602C1538163100AE17F9 /* nav-friends-icon.png */ = {isa = PBXFileReference; lastKnownFileType = image.png; path = "nav-friends-icon.png"; sourceTree = "<group>"; };
		DF81602D1538163100AE17F9 /* nav-friends-icon@2x.png */ = {isa = PBXFileReference; lastKnownFileType = image.png; path = "nav-friends-icon@2x.png"; sourceTree = "<group>"; };
		DF81602E1538163100AE17F9 /* nav-menu-icon.png */ = {isa = PBXFileReference; lastKnownFileType = image.png; path = "nav-menu-icon.png"; sourceTree = "<group>"; };
		DF81602F1538163200AE17F9 /* nav-menu-icon@2x.png */ = {isa = PBXFileReference; lastKnownFileType = image.png; path = "nav-menu-icon@2x.png"; sourceTree = "<group>"; };
		DF81603B1538241A00AE17F9 /* MenuViewController.h */ = {isa = PBXFileReference; fileEncoding = 4; lastKnownFileType = sourcecode.c.h; path = MenuViewController.h; sourceTree = "<group>"; };
		DF81603C1538241A00AE17F9 /* MenuViewController.m */ = {isa = PBXFileReference; fileEncoding = 4; lastKnownFileType = sourcecode.c.objc; path = MenuViewController.m; sourceTree = "<group>"; };
		DF81603D1538241A00AE17F9 /* MenuViewController.xib */ = {isa = PBXFileReference; fileEncoding = 4; lastKnownFileType = file.xib; path = MenuViewController.xib; sourceTree = "<group>"; };
		DF816040153824E300AE17F9 /* menu-background.png */ = {isa = PBXFileReference; lastKnownFileType = image.png; path = "menu-background.png"; sourceTree = "<group>"; };
		DF816041153824E400AE17F9 /* menu-background@2x.png */ = {isa = PBXFileReference; lastKnownFileType = image.png; path = "menu-background@2x.png"; sourceTree = "<group>"; };
		DF816044153825A400AE17F9 /* menu-chevron.png */ = {isa = PBXFileReference; lastKnownFileType = image.png; path = "menu-chevron.png"; sourceTree = "<group>"; };
		DF816045153825A400AE17F9 /* menu-chevron@2x.png */ = {isa = PBXFileReference; lastKnownFileType = image.png; path = "menu-chevron@2x.png"; sourceTree = "<group>"; };
		DF816046153825A500AE17F9 /* menu-divider.png */ = {isa = PBXFileReference; lastKnownFileType = image.png; path = "menu-divider.png"; sourceTree = "<group>"; };
		DF816047153825A700AE17F9 /* menu-divider@2x.png */ = {isa = PBXFileReference; lastKnownFileType = image.png; path = "menu-divider@2x.png"; sourceTree = "<group>"; };
		DF8CA94D15371C9300CF7866 /* paper.png */ = {isa = PBXFileReference; lastKnownFileType = image.png; path = paper.png; sourceTree = "<group>"; };
		DFDA060D1532EC940038B1C5 /* HomeViewController.xib */ = {isa = PBXFileReference; fileEncoding = 4; lastKnownFileType = file.xib; path = HomeViewController.xib; sourceTree = "<group>"; };
		DFDA06101532ECCA0038B1C5 /* AHomeView.h */ = {isa = PBXFileReference; fileEncoding = 4; lastKnownFileType = sourcecode.c.h; path = AHomeView.h; sourceTree = "<group>"; };
		DFDA06111532ECCA0038B1C5 /* AHomeView.m */ = {isa = PBXFileReference; fileEncoding = 4; lastKnownFileType = sourcecode.c.objc; path = AHomeView.m; sourceTree = "<group>"; };
		DFDCC82F1532EB9100E340BD /* HomeViewController.h */ = {isa = PBXFileReference; fileEncoding = 4; lastKnownFileType = sourcecode.c.h; path = HomeViewController.h; sourceTree = "<group>"; };
		DFDCC8301532EB9100E340BD /* HomeViewController.m */ = {isa = PBXFileReference; fileEncoding = 4; lastKnownFileType = sourcecode.c.objc; path = HomeViewController.m; sourceTree = "<group>"; };
		DFE7208E1538734A0020DFD8 /* UPTContentView.h */ = {isa = PBXFileReference; fileEncoding = 4; lastKnownFileType = sourcecode.c.h; path = UPTContentView.h; sourceTree = "<group>"; };
		DFE7208F1538734A0020DFD8 /* UPTContentView.m */ = {isa = PBXFileReference; fileEncoding = 4; lastKnownFileType = sourcecode.c.objc; path = UPTContentView.m; sourceTree = "<group>"; };
		DFE7209215387B670020DFD8 /* RootViewDelegate.h */ = {isa = PBXFileReference; lastKnownFileType = sourcecode.c.h; path = RootViewDelegate.h; sourceTree = "<group>"; };
		DFE7209315388C640020DFD8 /* app-icon-57.png */ = {isa = PBXFileReference; lastKnownFileType = image.png; path = "app-icon-57.png"; sourceTree = "<group>"; };
		DFE7209415388C640020DFD8 /* app-icon-114.png */ = {isa = PBXFileReference; lastKnownFileType = image.png; path = "app-icon-114.png"; sourceTree = "<group>"; };
		DFE7209D15388D860020DFD8 /* zh-Hans */ = {isa = PBXFileReference; lastKnownFileType = text.plist.strings; name = "zh-Hans"; path = "zh-Hans.lproj/InfoPlist.strings"; sourceTree = "<group>"; };
		DFEFF2B51531C80500A390F4 /* TipsViewController.h */ = {isa = PBXFileReference; fileEncoding = 4; lastKnownFileType = sourcecode.c.h; path = TipsViewController.h; sourceTree = "<group>"; };
		DFEFF2B61531C80500A390F4 /* TipsViewController.m */ = {isa = PBXFileReference; fileEncoding = 4; lastKnownFileType = sourcecode.c.objc; path = TipsViewController.m; sourceTree = "<group>"; };
		DFEFF2B91531CFB500A390F4 /* close.png */ = {isa = PBXFileReference; lastKnownFileType = image.png; path = close.png; sourceTree = "<group>"; };
		DFF832A515394DD6005AA2C9 /* paper_bg.png */ = {isa = PBXFileReference; lastKnownFileType = image.png; path = paper_bg.png; sourceTree = "<group>"; };
		DFF832A615394DD6005AA2C9 /* paper_bg@2x.png */ = {isa = PBXFileReference; lastKnownFileType = image.png; path = "paper_bg@2x.png"; sourceTree = "<group>"; };
		DFF832AA153952BA005AA2C9 /* DirectionPanGestureRecognizer.h */ = {isa = PBXFileReference; fileEncoding = 4; lastKnownFileType = sourcecode.c.h; path = DirectionPanGestureRecognizer.h; sourceTree = "<group>"; };
		DFF832AB153952BA005AA2C9 /* DirectionPanGestureRecognizer.m */ = {isa = PBXFileReference; fileEncoding = 4; lastKnownFileType = sourcecode.c.objc; path = DirectionPanGestureRecognizer.m; sourceTree = "<group>"; };
		DFF832AD15395B62005AA2C9 /* TipsViewController.xib */ = {isa = PBXFileReference; fileEncoding = 4; lastKnownFileType = file.xib; path = TipsViewController.xib; sourceTree = "<group>"; };
		DFF832DB1539C360005AA2C9 /* Calendar.png */ = {isa = PBXFileReference; lastKnownFileType = image.png; path = Calendar.png; sourceTree = "<group>"; };
		DFF832DD1539C37A005AA2C9 /* Search.png */ = {isa = PBXFileReference; lastKnownFileType = image.png; path = Search.png; sourceTree = "<group>"; };
		DFF832DF1539C388005AA2C9 /* Help.png */ = {isa = PBXFileReference; lastKnownFileType = image.png; path = Help.png; sourceTree = "<group>"; };
		DFF832E51539C6A0005AA2C9 /* Clock.png */ = {isa = PBXFileReference; lastKnownFileType = image.png; path = Clock.png; sourceTree = "<group>"; };
		DFF832E71539C801005AA2C9 /* Calendar@2x.png */ = {isa = PBXFileReference; lastKnownFileType = image.png; path = "Calendar@2x.png"; sourceTree = "<group>"; };
		DFF832E81539C801005AA2C9 /* Clock@2x.png */ = {isa = PBXFileReference; lastKnownFileType = image.png; path = "Clock@2x.png"; sourceTree = "<group>"; };
		DFF832E91539C801005AA2C9 /* Help@2x.png */ = {isa = PBXFileReference; lastKnownFileType = image.png; path = "Help@2x.png"; sourceTree = "<group>"; };
		DFF832EA1539C802005AA2C9 /* Search@2x.png */ = {isa = PBXFileReference; lastKnownFileType = image.png; path = "Search@2x.png"; sourceTree = "<group>"; };
		DFF832EF1539C978005AA2C9 /* Favorite - Add.png */ = {isa = PBXFileReference; lastKnownFileType = image.png; path = "Favorite - Add.png"; sourceTree = "<group>"; };
		DFF832F01539C978005AA2C9 /* Favorite - Remove.png */ = {isa = PBXFileReference; lastKnownFileType = image.png; path = "Favorite - Remove.png"; sourceTree = "<group>"; };
		DFF832F11539C979005AA2C9 /* Favorites.png */ = {isa = PBXFileReference; lastKnownFileType = image.png; path = Favorites.png; sourceTree = "<group>"; };
		DFF832F5153A6636005AA2C9 /* Bookmarks.png */ = {isa = PBXFileReference; lastKnownFileType = image.png; path = Bookmarks.png; sourceTree = "<group>"; };
		DFF832F6153A6636005AA2C9 /* Bookmarks@2x.png */ = {isa = PBXFileReference; lastKnownFileType = image.png; path = "Bookmarks@2x.png"; sourceTree = "<group>"; };
		DFF832F7153A6637005AA2C9 /* Settings.png */ = {isa = PBXFileReference; lastKnownFileType = image.png; path = Settings.png; sourceTree = "<group>"; };
		DFF832F8153A6637005AA2C9 /* Settings@2x.png */ = {isa = PBXFileReference; lastKnownFileType = image.png; path = "Settings@2x.png"; sourceTree = "<group>"; };
		DFFB62571532BF8900BE246A /* PagingView.h */ = {isa = PBXFileReference; fileEncoding = 4; lastKnownFileType = sourcecode.c.h; path = PagingView.h; sourceTree = "<group>"; };
		DFFB62581532BF8900BE246A /* PagingView.m */ = {isa = PBXFileReference; fileEncoding = 4; lastKnownFileType = sourcecode.c.objc; path = PagingView.m; sourceTree = "<group>"; };
		DFFDB10815313F7F00FF6A47 /* RootViewController.h */ = {isa = PBXFileReference; fileEncoding = 4; lastKnownFileType = sourcecode.c.h; path = RootViewController.h; sourceTree = "<group>"; };
		DFFDB10915313F7F00FF6A47 /* RootViewController.m */ = {isa = PBXFileReference; fileEncoding = 4; lastKnownFileType = sourcecode.c.objc; path = RootViewController.m; sourceTree = "<group>"; };
		DFFDB10A15313F7F00FF6A47 /* RootViewController.xib */ = {isa = PBXFileReference; fileEncoding = 4; lastKnownFileType = file.xib; path = RootViewController.xib; sourceTree = "<group>"; };
		DFFDB10D153169E000FF6A47 /* LabelProperty-Config.plist */ = {isa = PBXFileReference; fileEncoding = 4; lastKnownFileType = text.plist.xml; path = "LabelProperty-Config.plist"; sourceTree = "<group>"; };
		DFFDB10F15316A0E00FF6A47 /* LabelConverter.h */ = {isa = PBXFileReference; fileEncoding = 4; lastKnownFileType = sourcecode.c.h; path = LabelConverter.h; sourceTree = "<group>"; };
		DFFDB11015316A0E00FF6A47 /* LabelConverter.m */ = {isa = PBXFileReference; fileEncoding = 4; lastKnownFileType = sourcecode.c.objc; path = LabelConverter.m; sourceTree = "<group>"; };
		DFFDB11615317AA200FF6A47 /* ubabytime.sqlite */ = {isa = PBXFileReference; lastKnownFileType = file; path = ubabytime.sqlite; sourceTree = "<group>"; };
		DFFDB11915317ACB00FF6A47 /* Entity.h */ = {isa = PBXFileReference; fileEncoding = 4; lastKnownFileType = sourcecode.c.h; path = Entity.h; sourceTree = "<group>"; };
		DFFDB11A15317AD400FF6A47 /* DatabaseAccess.h */ = {isa = PBXFileReference; fileEncoding = 4; lastKnownFileType = sourcecode.c.h; path = DatabaseAccess.h; sourceTree = "<group>"; };
		DFFDB11B15317AD400FF6A47 /* DatabaseAccess.m */ = {isa = PBXFileReference; fileEncoding = 4; lastKnownFileType = sourcecode.c.objc; path = DatabaseAccess.m; sourceTree = "<group>"; };
		DFFDB11D15317AE900FF6A47 /* PregnancyDaliyTips.h */ = {isa = PBXFileReference; fileEncoding = 4; lastKnownFileType = sourcecode.c.h; path = PregnancyDaliyTips.h; sourceTree = "<group>"; };
		DFFDB11E15317AE900FF6A47 /* PregnancyDaliyTips.m */ = {isa = PBXFileReference; fileEncoding = 4; lastKnownFileType = sourcecode.c.objc; path = PregnancyDaliyTips.m; sourceTree = "<group>"; };
		DFFDB11F15317AE900FF6A47 /* PregnancyDaliyTipsType.h */ = {isa = PBXFileReference; fileEncoding = 4; lastKnownFileType = sourcecode.c.h; path = PregnancyDaliyTipsType.h; sourceTree = "<group>"; };
		DFFDB12015317AE900FF6A47 /* PregnancyDaliyTipsType.m */ = {isa = PBXFileReference; fileEncoding = 4; lastKnownFileType = sourcecode.c.objc; path = PregnancyDaliyTipsType.m; sourceTree = "<group>"; };
		DFFDB12315317B1600FF6A47 /* PregnancyPeriod.h */ = {isa = PBXFileReference; fileEncoding = 4; path = PregnancyPeriod.h; sourceTree = "<group>"; };
		DFFDB12415317B1600FF6A47 /* PregnancyPeriod.m */ = {isa = PBXFileReference; fileEncoding = 4; lastKnownFileType = sourcecode.c.objc; path = PregnancyPeriod.m; sourceTree = "<group>"; };
		DFFDB12515317B1600FF6A47 /* PregnancyWeeklyTips.h */ = {isa = PBXFileReference; fileEncoding = 4; lastKnownFileType = sourcecode.c.h; path = PregnancyWeeklyTips.h; sourceTree = "<group>"; };
		DFFDB12615317B1600FF6A47 /* PregnancyWeeklyTips.m */ = {isa = PBXFileReference; fileEncoding = 4; lastKnownFileType = sourcecode.c.objc; path = PregnancyWeeklyTips.m; sourceTree = "<group>"; };
		DFFDB12915317B4800FF6A47 /* NSObject+Properties.h */ = {isa = PBXFileReference; fileEncoding = 4; lastKnownFileType = sourcecode.c.h; path = "NSObject+Properties.h"; sourceTree = "<group>"; };
		DFFDB12A15317B4800FF6A47 /* NSObject+Properties.m */ = {isa = PBXFileReference; fileEncoding = 4; lastKnownFileType = sourcecode.c.objc; path = "NSObject+Properties.m"; sourceTree = "<group>"; };
		DFFDB12C15317B5A00FF6A47 /* NSString+PropertyKVC.h */ = {isa = PBXFileReference; fileEncoding = 4; lastKnownFileType = sourcecode.c.h; path = "NSString+PropertyKVC.h"; sourceTree = "<group>"; };
		DFFDB12D15317B5A00FF6A47 /* NSString+PropertyKVC.m */ = {isa = PBXFileReference; fileEncoding = 4; lastKnownFileType = sourcecode.c.objc; path = "NSString+PropertyKVC.m"; sourceTree = "<group>"; };
/* End PBXFileReference section */

/* Begin PBXFrameworksBuildPhase section */
		DF8142411530788600284D86 /* Frameworks */ = {
			isa = PBXFrameworksBuildPhase;
			buildActionMask = 2147483647;
			files = (
				DF81427C1530795D00284D86 /* QuartzCore.framework in Frameworks */,
				DF81427A1530794F00284D86 /* libsqlite3.dylib in Frameworks */,
				DF8142491530788600284D86 /* UIKit.framework in Frameworks */,
				DF81424B1530788600284D86 /* Foundation.framework in Frameworks */,
				DF81424D1530788600284D86 /* CoreGraphics.framework in Frameworks */,
			);
			runOnlyForDeploymentPostprocessing = 0;
		};
/* End PBXFrameworksBuildPhase section */

/* Begin PBXGroup section */
		DF125FCE15354CC600459D5D /* TimeLine */ = {
			isa = PBXGroup;
			children = (
				DF125FCF15354CF100459D5D /* TimeLineViewController.h */,
				DF125FD015354CF100459D5D /* TimeLineViewController.m */,
				DF125FD115354CF100459D5D /* TimeLineViewController.xib */,
			);
			name = TimeLine;
			sourceTree = "<group>";
		};
		DF125FD415354CF800459D5D /* QA */ = {
			isa = PBXGroup;
			children = (
				DF125FD615354D1F00459D5D /* QAViewController.h */,
				DF125FD715354D1F00459D5D /* QAViewController.m */,
				DF125FD815354D1F00459D5D /* QAViewController.xib */,
			);
			name = QA;
			sourceTree = "<group>";
		};
		DF125FD515354D0800459D5D /* Search */ = {
			isa = PBXGroup;
			children = (
				DF125FDB15354D3500459D5D /* SearchViewController.h */,
				DF125FDC15354D3500459D5D /* SearchViewController.m */,
				DF125FDD15354D3500459D5D /* SearchViewController.xib */,
			);
			name = Search;
			sourceTree = "<group>";
		};
		DF1A5666153AA161005FB635 /* Bookmark */ = {
			isa = PBXGroup;
			children = (
				DF1A5668153AA18E005FB635 /* BookmarkTableViewController.h */,
				DF1A5669153AA18E005FB635 /* BookmarkTableViewController.m */,
				DF1A566A153AA18E005FB635 /* BookmarkTableViewController.xib */,
			);
			name = Bookmark;
			sourceTree = "<group>";
		};
		DF1A566D153AA4C9005FB635 /* Setting */ = {
			isa = PBXGroup;
			children = (
				DF1A566E153AA4DE005FB635 /* SettingViewController.h */,
				DF1A566F153AA4DE005FB635 /* SettingViewController.m */,
				DF1A5670153AA4DE005FB635 /* SettingViewController.xib */,
			);
			name = Setting;
			sourceTree = "<group>";
		};
		DF8142391530788600284D86 = {
			isa = PBXGroup;
			children = (
				DF81427F153079F000284D86 /* Resources */,
				DF81425F153078B000284D86 /* Classes */,
				DF814260153078B000284D86 /* XIB */,
				DF81424E1530788600284D86 /* UPregnancyTime */,
				DF8142471530788600284D86 /* Frameworks */,
				DF8142451530788600284D86 /* Products */,
			);
			sourceTree = "<group>";
		};
		DF8142451530788600284D86 /* Products */ = {
			isa = PBXGroup;
			children = (
				DF8142441530788600284D86 /* UPregnancyTime.app */,
			);
			name = Products;
			sourceTree = "<group>";
		};
		DF8142471530788600284D86 /* Frameworks */ = {
			isa = PBXGroup;
			children = (
				DF81427B1530795D00284D86 /* QuartzCore.framework */,
				DF8142791530794F00284D86 /* libsqlite3.dylib */,
				DF8142481530788600284D86 /* UIKit.framework */,
				DF81424A1530788600284D86 /* Foundation.framework */,
				DF81424C1530788600284D86 /* CoreGraphics.framework */,
			);
			name = Frameworks;
			sourceTree = "<group>";
		};
		DF81424E1530788600284D86 /* UPregnancyTime */ = {
			isa = PBXGroup;
			children = (
				DF8142571530788700284D86 /* UBTAppDelegate.h */,
				DF8142581530788700284D86 /* UBTAppDelegate.m */,
				DF81424F1530788600284D86 /* Supporting Files */,
			);
			path = UPregnancyTime;
			sourceTree = "<group>";
		};
		DF81424F1530788600284D86 /* Supporting Files */ = {
			isa = PBXGroup;
			children = (
				DFFDB11615317AA200FF6A47 /* ubabytime.sqlite */,
				DFFDB10D153169E000FF6A47 /* LabelProperty-Config.plist */,
				DF8142501530788600284D86 /* UPregnancyTime-Info.plist */,
				DF8142511530788600284D86 /* InfoPlist.strings */,
				DF8142541530788700284D86 /* main.m */,
				DF8142561530788700284D86 /* UPregnancyTime-Prefix.pch */,
			);
			name = "Supporting Files";
			sourceTree = "<group>";
		};
		DF81425F153078B000284D86 /* Classes */ = {
			isa = PBXGroup;
			children = (
				DF1A566D153AA4C9005FB635 /* Setting */,
				DF1A5666153AA161005FB635 /* Bookmark */,
				DFF832A9153951CA005AA2C9 /* Gesture */,
				DF81603A153823F600AE17F9 /* Menu */,
				DF815FD21537D17600AE17F9 /* Overlay */,
				DF125FD515354D0800459D5D /* Search */,
				DF125FD415354CF800459D5D /* QA */,
				DF125FCE15354CC600459D5D /* TimeLine */,
				DFFDB11815317ABB00FF6A47 /* DataModel */,
				DFFDB10615313F6300FF6A47 /* Root */,
				DF81427E153079CE00284D86 /* Home */,
				DF8142661530790A00284D86 /* Fmdb */,
				DF814261153078C000284D86 /* Category */,
			);
			path = Classes;
			sourceTree = "<group>";
		};
		DF814260153078B000284D86 /* XIB */ = {
			isa = PBXGroup;
			children = (
			);
			path = XIB;
			sourceTree = "<group>";
		};
		DF814261153078C000284D86 /* Category */ = {
			isa = PBXGroup;
			children = (
				DFFDB12C15317B5A00FF6A47 /* NSString+PropertyKVC.h */,
				DFFDB12D15317B5A00FF6A47 /* NSString+PropertyKVC.m */,
				DFFDB12915317B4800FF6A47 /* NSObject+Properties.h */,
				DFFDB12A15317B4800FF6A47 /* NSObject+Properties.m */,
				DF8142761530793600284D86 /* NSDate+Helper.h */,
				DF8142771530793600284D86 /* NSDate+Helper.m */,
			);
			name = Category;
			sourceTree = "<group>";
		};
		DF8142661530790A00284D86 /* Fmdb */ = {
			isa = PBXGroup;
			children = (
				DF8142671530791F00284D86 /* FMDatabase.h */,
				DF8142681530791F00284D86 /* FMDatabase.m */,
				DF8142691530791F00284D86 /* FMDatabaseAdditions.h */,
				DF81426A1530791F00284D86 /* FMDatabaseAdditions.m */,
				DF81426B1530791F00284D86 /* FMDatabasePool.h */,
				DF81426C1530791F00284D86 /* FMDatabasePool.m */,
				DF81426D1530791F00284D86 /* FMDatabaseQueue.h */,
				DF81426E1530791F00284D86 /* FMDatabaseQueue.m */,
				DF81426F1530791F00284D86 /* FMResultSet.h */,
				DF8142701530791F00284D86 /* FMResultSet.m */,
			);
			name = Fmdb;
			sourceTree = "<group>";
		};
		DF81427E153079CE00284D86 /* Home */ = {
			isa = PBXGroup;
			children = (
				DFDCC82F1532EB9100E340BD /* HomeViewController.h */,
				DFDCC8301532EB9100E340BD /* HomeViewController.m */,
				DFDA060D1532EC940038B1C5 /* HomeViewController.xib */,
				DFEFF2B51531C80500A390F4 /* TipsViewController.h */,
				DFEFF2B61531C80500A390F4 /* TipsViewController.m */,
				DFF832AD15395B62005AA2C9 /* TipsViewController.xib */,
				DFFB62571532BF8900BE246A /* PagingView.h */,
				DFFB62581532BF8900BE246A /* PagingView.m */,
				DFDA06101532ECCA0038B1C5 /* AHomeView.h */,
				DFDA06111532ECCA0038B1C5 /* AHomeView.m */,
				DF7A92461532EEF3004B8AB9 /* AHomeView.xib */,
				DF125FB8153412D400459D5D /* CalendarView.h */,
				DF125FB9153412D400459D5D /* CalendarView.m */,
				DF125FBC153412E700459D5D /* CalendarView.xib */,
			);
			name = Home;
			sourceTree = "<group>";
		};
		DF81427F153079F000284D86 /* Resources */ = {
			isa = PBXGroup;
			children = (
				DFF832F5153A6636005AA2C9 /* Bookmarks.png */,
				DFF832F6153A6636005AA2C9 /* Bookmarks@2x.png */,
				DFF832F7153A6637005AA2C9 /* Settings.png */,
				DFF832F8153A6637005AA2C9 /* Settings@2x.png */,
				DFF832EF1539C978005AA2C9 /* Favorite - Add.png */,
				DFF832F01539C978005AA2C9 /* Favorite - Remove.png */,
				DFF832F11539C979005AA2C9 /* Favorites.png */,
				DFF832DB1539C360005AA2C9 /* Calendar.png */,
				DFF832E71539C801005AA2C9 /* Calendar@2x.png */,
				DFF832E51539C6A0005AA2C9 /* Clock.png */,
				DFF832E81539C801005AA2C9 /* Clock@2x.png */,
				DFF832DF1539C388005AA2C9 /* Help.png */,
				DFF832E91539C801005AA2C9 /* Help@2x.png */,
				DFF832DD1539C37A005AA2C9 /* Search.png */,
				DFF832EA1539C802005AA2C9 /* Search@2x.png */,
				DFF832A515394DD6005AA2C9 /* paper_bg.png */,
				DFF832A615394DD6005AA2C9 /* paper_bg@2x.png */,
				DFE7209315388C640020DFD8 /* app-icon-57.png */,
				DFE7209415388C640020DFD8 /* app-icon-114.png */,
				DF816044153825A400AE17F9 /* menu-chevron.png */,
				DF816045153825A400AE17F9 /* menu-chevron@2x.png */,
				DF816046153825A500AE17F9 /* menu-divider.png */,
				DF816047153825A700AE17F9 /* menu-divider@2x.png */,
				DF816040153824E300AE17F9 /* menu-background.png */,
				DF816041153824E400AE17F9 /* menu-background@2x.png */,
				DF81602C1538163100AE17F9 /* nav-friends-icon.png */,
				DF81602D1538163100AE17F9 /* nav-friends-icon@2x.png */,
				DF81602E1538163100AE17F9 /* nav-menu-icon.png */,
				DF81602F1538163200AE17F9 /* nav-menu-icon@2x.png */,
				DF8160181538162000AE17F9 /* nav-bar-back-button-pressed.png */,
				DF8160191538162000AE17F9 /* nav-bar-back-button-pressed@2x.png */,
				DF81601A1538162000AE17F9 /* nav-bar-back-button.png */,
				DF81601B1538162000AE17F9 /* nav-bar-back-button@2x.png */,
				DF81601C1538162000AE17F9 /* nav-bar-button-pressed.png */,
				DF81601D1538162000AE17F9 /* nav-bar-button-pressed@2x.png */,
				DF81601E1538162000AE17F9 /* nav-bar-button.png */,
				DF81601F1538162100AE17F9 /* nav-bar-button@2x.png */,
				DF8160201538162100AE17F9 /* nav-bar.png */,
				DF8160211538162100AE17F9 /* nav-bar@2x.png */,
				DF815FCE1537C7D600AE17F9 /* search_icon.png */,
				DF815FCF1537C7D700AE17F9 /* search_icon@2x.png */,
				DF8CA94D15371C9300CF7866 /* paper.png */,
				DF4360461537145A00ABFFDD /* root_bg.png */,
				DF816016153812B500AE17F9 /* root_bg@2x.png */,
				DF436044153713F400ABFFDD /* Default.png */,
				DF8160141538129E00AE17F9 /* Default@2x.png */,
				DF43603D15370F0C00ABFFDD /* label.png */,
				DF7F1875153597EB00D8A616 /* label_1.png */,
				DF7F1866153589EC00D8A616 /* tag_1.png */,
				DF7F186915358C5900D8A616 /* tag_2.png */,
				DF7F186A15358C5900D8A616 /* tag_3.png */,
				DF7F186B15358C5900D8A616 /* tag_4.png */,
				DF7F186C15358C5900D8A616 /* tag_5.png */,
				DF125FE81535785C00459D5D /* feed-paper-texture.png */,
				DF125FE91535785D00459D5D /* feed-paper-texture@2x.png */,
				DF125FE41535769900459D5D /* feed-comment-bubble.png */,
				DF125FE51535769900459D5D /* feed-comment-bubble@2x.png */,
				DF125FE01535766900459D5D /* feed-thought-bubble.png */,
				DF125FE11535766900459D5D /* feed-thought-bubble@2x.png */,
				DFEFF2B91531CFB500A390F4 /* close.png */,
				DF6BFC08153087FA00FC0AFD /* nav_4.png */,
				DF6BFC09153087FA00FC0AFD /* nav_4@2x.png */,
				DF6BFBF81530859C00FC0AFD /* nav_2.png */,
				DF6BFBF91530859C00FC0AFD /* nav_2@2x.png */,
				DF6BFBFA1530859C00FC0AFD /* nav_3.png */,
				DF6BFBFB1530859C00FC0AFD /* nav_3@2x.png */,
				DF6BFBF4153083C300FC0AFD /* nav_1.png */,
				DF6BFBF5153083C300FC0AFD /* nav_1@2x.png */,
				DF81428015307A0B00284D86 /* date_tab.png */,
				DF81428115307A0B00284D86 /* date_tab@2x.png */,
				DF81428615307A0B00284D86 /* search_bar.png */,
				DF81428715307A0B00284D86 /* search_bar@2x.png */,
				DF81428815307A0B00284D86 /* text_line_1.png */,
				DF81428915307A0B00284D86 /* text_line_1@2x.png */,
				DF81428A15307A0B00284D86 /* text_line_2.png */,
				DF81428B15307A0B00284D86 /* text_line_2@2x.png */,
				DF6BFC0C153088C800FC0AFD /* tips_1.png */,
				DF6BFC0D153088C800FC0AFD /* tips_1@2x.png */,
				DF81428E15307A0B00284D86 /* tips_2.png */,
				DF81428F15307A0B00284D86 /* tips_2@2x.png */,
			);
			path = Resources;
			sourceTree = "<group>";
		};
		DF815FD21537D17600AE17F9 /* Overlay */ = {
			isa = PBXGroup;
			children = (
				DF815FD31537D18C00AE17F9 /* OverlayViewController.h */,
				DF815FD41537D18C00AE17F9 /* OverlayViewController.m */,
				DF815FD51537D18C00AE17F9 /* OverlayViewController.xib */,
				DF815FD81537D51D00AE17F9 /* OverlayView.h */,
				DF815FD91537D51D00AE17F9 /* OverlayView.m */,
			);
			name = Overlay;
			sourceTree = "<group>";
		};
		DF81603A153823F600AE17F9 /* Menu */ = {
			isa = PBXGroup;
			children = (
				DF81603B1538241A00AE17F9 /* MenuViewController.h */,
				DF81603C1538241A00AE17F9 /* MenuViewController.m */,
				DF81603D1538241A00AE17F9 /* MenuViewController.xib */,
			);
			name = Menu;
			sourceTree = "<group>";
		};
		DFF832A9153951CA005AA2C9 /* Gesture */ = {
			isa = PBXGroup;
			children = (
				DFF832AA153952BA005AA2C9 /* DirectionPanGestureRecognizer.h */,
				DFF832AB153952BA005AA2C9 /* DirectionPanGestureRecognizer.m */,
			);
			name = Gesture;
			sourceTree = "<group>";
		};
		DFFDB10615313F6300FF6A47 /* Root */ = {
			isa = PBXGroup;
			children = (
				DFFDB10F15316A0E00FF6A47 /* LabelConverter.h */,
				DFFDB11015316A0E00FF6A47 /* LabelConverter.m */,
				DFFDB10815313F7F00FF6A47 /* RootViewController.h */,
				DFFDB10915313F7F00FF6A47 /* RootViewController.m */,
				DFFDB10A15313F7F00FF6A47 /* RootViewController.xib */,
				DFE7208E1538734A0020DFD8 /* UPTContentView.h */,
				DFE7208F1538734A0020DFD8 /* UPTContentView.m */,
				DFE7209215387B670020DFD8 /* RootViewDelegate.h */,
			);
			name = Root;
			sourceTree = "<group>";
		};
		DFFDB11815317ABB00FF6A47 /* DataModel */ = {
			isa = PBXGroup;
			children = (
				DF1A5673153AAC0E005FB635 /* PregnancyBookmark.h */,
				DF1A5674153AAC0E005FB635 /* PregnancyBookmark.m */,
				DFFDB12315317B1600FF6A47 /* PregnancyPeriod.h */,
				DFFDB12415317B1600FF6A47 /* PregnancyPeriod.m */,
				DFFDB12515317B1600FF6A47 /* PregnancyWeeklyTips.h */,
				DFFDB12615317B1600FF6A47 /* PregnancyWeeklyTips.m */,
				DFFDB11D15317AE900FF6A47 /* PregnancyDaliyTips.h */,
				DFFDB11E15317AE900FF6A47 /* PregnancyDaliyTips.m */,
				DFFDB11F15317AE900FF6A47 /* PregnancyDaliyTipsType.h */,
				DFFDB12015317AE900FF6A47 /* PregnancyDaliyTipsType.m */,
				DFFDB11A15317AD400FF6A47 /* DatabaseAccess.h */,
				DFFDB11B15317AD400FF6A47 /* DatabaseAccess.m */,
				DFFDB11915317ACB00FF6A47 /* Entity.h */,
			);
			name = DataModel;
			sourceTree = "<group>";
		};
/* End PBXGroup section */

/* Begin PBXNativeTarget section */
		DF8142431530788600284D86 /* UPregnancyTime */ = {
			isa = PBXNativeTarget;
			buildConfigurationList = DF81425C1530788700284D86 /* Build configuration list for PBXNativeTarget "UPregnancyTime" */;
			buildPhases = (
				DF8142401530788600284D86 /* Sources */,
				DF8142411530788600284D86 /* Frameworks */,
				DF8142421530788600284D86 /* Resources */,
				DF81427D1530798B00284D86 /* ShellScript */,
			);
			buildRules = (
			);
			dependencies = (
			);
			name = UPregnancyTime;
			productName = UPregnancyTime;
			productReference = DF8142441530788600284D86 /* UPregnancyTime.app */;
			productType = "com.apple.product-type.application";
		};
/* End PBXNativeTarget section */

/* Begin PBXProject section */
		DF81423B1530788600284D86 /* Project object */ = {
			isa = PBXProject;
			attributes = {
				CLASSPREFIX = UBT;
				LastUpgradeCheck = 0430;
			};
			buildConfigurationList = DF81423E1530788600284D86 /* Build configuration list for PBXProject "UPregnancyTime" */;
			compatibilityVersion = "Xcode 3.2";
			developmentRegion = English;
			hasScannedForEncodings = 0;
			knownRegions = (
				en,
				"zh-Hans",
			);
			mainGroup = DF8142391530788600284D86;
			productRefGroup = DF8142451530788600284D86 /* Products */;
			projectDirPath = "";
			projectRoot = "";
			targets = (
				DF8142431530788600284D86 /* UPregnancyTime */,
			);
		};
/* End PBXProject section */

/* Begin PBXResourcesBuildPhase section */
		DF8142421530788600284D86 /* Resources */ = {
			isa = PBXResourcesBuildPhase;
			buildActionMask = 2147483647;
			files = (
				DF8142531530788700284D86 /* InfoPlist.strings in Resources */,
				DF81429015307A0B00284D86 /* date_tab.png in Resources */,
				DF81429115307A0B00284D86 /* date_tab@2x.png in Resources */,
				DF81429615307A0B00284D86 /* search_bar.png in Resources */,
				DF81429715307A0B00284D86 /* search_bar@2x.png in Resources */,
				DF81429815307A0B00284D86 /* text_line_1.png in Resources */,
				DF81429915307A0B00284D86 /* text_line_1@2x.png in Resources */,
				DF81429A15307A0B00284D86 /* text_line_2.png in Resources */,
				DF81429B15307A0B00284D86 /* text_line_2@2x.png in Resources */,
				DF81429E15307A0B00284D86 /* tips_2.png in Resources */,
				DF81429F15307A0B00284D86 /* tips_2@2x.png in Resources */,
				DF6BFBF6153083C300FC0AFD /* nav_1.png in Resources */,
				DF6BFBF7153083C300FC0AFD /* nav_1@2x.png in Resources */,
				DF6BFBFE1530859C00FC0AFD /* nav_2.png in Resources */,
				DF6BFBFF1530859C00FC0AFD /* nav_2@2x.png in Resources */,
				DF6BFC001530859C00FC0AFD /* nav_3.png in Resources */,
				DF6BFC011530859C00FC0AFD /* nav_3@2x.png in Resources */,
				DF6BFC0A153087FA00FC0AFD /* nav_4.png in Resources */,
				DF6BFC0B153087FA00FC0AFD /* nav_4@2x.png in Resources */,
				DF6BFC0E153088C800FC0AFD /* tips_1.png in Resources */,
				DF6BFC0F153088C800FC0AFD /* tips_1@2x.png in Resources */,
				DFFDB10C15313F7F00FF6A47 /* RootViewController.xib in Resources */,
				DFFDB10E153169E000FF6A47 /* LabelProperty-Config.plist in Resources */,
				DFFDB11715317AA200FF6A47 /* ubabytime.sqlite in Resources */,
				DFEFF2BA1531CFB500A390F4 /* close.png in Resources */,
				DFDA060E1532EC940038B1C5 /* HomeViewController.xib in Resources */,
				DF7A92471532EEF3004B8AB9 /* AHomeView.xib in Resources */,
				DF125FBD153412E700459D5D /* CalendarView.xib in Resources */,
				DF125FD315354CF100459D5D /* TimeLineViewController.xib in Resources */,
				DF125FDA15354D1F00459D5D /* QAViewController.xib in Resources */,
				DF125FDF15354D3500459D5D /* SearchViewController.xib in Resources */,
				DF125FE21535766900459D5D /* feed-thought-bubble.png in Resources */,
				DF125FE31535766900459D5D /* feed-thought-bubble@2x.png in Resources */,
				DF125FE61535769900459D5D /* feed-comment-bubble.png in Resources */,
				DF125FE71535769900459D5D /* feed-comment-bubble@2x.png in Resources */,
				DF125FEA1535785D00459D5D /* feed-paper-texture.png in Resources */,
				DF125FEB1535785D00459D5D /* feed-paper-texture@2x.png in Resources */,
				DF7F1867153589EC00D8A616 /* tag_1.png in Resources */,
				DF7F186D15358C5900D8A616 /* tag_2.png in Resources */,
				DF7F186E15358C5900D8A616 /* tag_3.png in Resources */,
				DF7F186F15358C5900D8A616 /* tag_4.png in Resources */,
				DF7F187015358C5900D8A616 /* tag_5.png in Resources */,
				DF7F1876153597EB00D8A616 /* label_1.png in Resources */,
				DF43603E15370F0C00ABFFDD /* label.png in Resources */,
				DF436045153713F400ABFFDD /* Default.png in Resources */,
				DF4360471537145A00ABFFDD /* root_bg.png in Resources */,
				DF8CA94E15371C9300CF7866 /* paper.png in Resources */,
				DF815FD01537C7D700AE17F9 /* search_icon.png in Resources */,
				DF815FD11537C7D700AE17F9 /* search_icon@2x.png in Resources */,
				DF815FD71537D18C00AE17F9 /* OverlayViewController.xib in Resources */,
				DF8160151538129E00AE17F9 /* Default@2x.png in Resources */,
				DF816017153812B500AE17F9 /* root_bg@2x.png in Resources */,
				DF8160221538162100AE17F9 /* nav-bar-back-button-pressed.png in Resources */,
				DF8160231538162100AE17F9 /* nav-bar-back-button-pressed@2x.png in Resources */,
				DF8160241538162100AE17F9 /* nav-bar-back-button.png in Resources */,
				DF8160251538162100AE17F9 /* nav-bar-back-button@2x.png in Resources */,
				DF8160261538162100AE17F9 /* nav-bar-button-pressed.png in Resources */,
				DF8160271538162100AE17F9 /* nav-bar-button-pressed@2x.png in Resources */,
				DF8160281538162100AE17F9 /* nav-bar-button.png in Resources */,
				DF8160291538162100AE17F9 /* nav-bar-button@2x.png in Resources */,
				DF81602A1538162100AE17F9 /* nav-bar.png in Resources */,
				DF81602B1538162100AE17F9 /* nav-bar@2x.png in Resources */,
				DF8160301538163200AE17F9 /* nav-friends-icon.png in Resources */,
				DF8160311538163200AE17F9 /* nav-friends-icon@2x.png in Resources */,
				DF8160321538163200AE17F9 /* nav-menu-icon.png in Resources */,
				DF8160331538163200AE17F9 /* nav-menu-icon@2x.png in Resources */,
				DF81603F1538241A00AE17F9 /* MenuViewController.xib in Resources */,
				DF816042153824E500AE17F9 /* menu-background.png in Resources */,
				DF816043153824E500AE17F9 /* menu-background@2x.png in Resources */,
				DF816048153825A800AE17F9 /* menu-chevron.png in Resources */,
				DF816049153825A800AE17F9 /* menu-chevron@2x.png in Resources */,
				DF81604A153825A800AE17F9 /* menu-divider.png in Resources */,
				DF81604B153825A800AE17F9 /* menu-divider@2x.png in Resources */,
				DFE7209515388C640020DFD8 /* app-icon-57.png in Resources */,
				DFE7209615388C640020DFD8 /* app-icon-114.png in Resources */,
				DFF832A715394DD6005AA2C9 /* paper_bg.png in Resources */,
				DFF832A815394DD6005AA2C9 /* paper_bg@2x.png in Resources */,
				DFF832AE15395B62005AA2C9 /* TipsViewController.xib in Resources */,
				DFF832DC1539C360005AA2C9 /* Calendar.png in Resources */,
				DFF832DE1539C37B005AA2C9 /* Search.png in Resources */,
				DFF832E01539C389005AA2C9 /* Help.png in Resources */,
				DFF832E61539C6A0005AA2C9 /* Clock.png in Resources */,
				DFF832EB1539C802005AA2C9 /* Calendar@2x.png in Resources */,
				DFF832EC1539C802005AA2C9 /* Clock@2x.png in Resources */,
				DFF832ED1539C802005AA2C9 /* Help@2x.png in Resources */,
				DFF832EE1539C802005AA2C9 /* Search@2x.png in Resources */,
				DFF832F21539C97A005AA2C9 /* Favorite - Add.png in Resources */,
				DFF832F31539C97A005AA2C9 /* Favorite - Remove.png in Resources */,
				DFF832F41539C97A005AA2C9 /* Favorites.png in Resources */,
				DFF832F9153A6638005AA2C9 /* Bookmarks.png in Resources */,
				DFF832FA153A6638005AA2C9 /* Bookmarks@2x.png in Resources */,
				DFF832FB153A6638005AA2C9 /* Settings.png in Resources */,
				DFF832FC153A6638005AA2C9 /* Settings@2x.png in Resources */,
				DF1A566C153AA18E005FB635 /* BookmarkTableViewController.xib in Resources */,
				DF1A5672153AA4DE005FB635 /* SettingViewController.xib in Resources */,
			);
			runOnlyForDeploymentPostprocessing = 0;
		};
/* End PBXResourcesBuildPhase section */

/* Begin PBXShellScriptBuildPhase section */
		DF81427D1530798B00284D86 /* ShellScript */ = {
			isa = PBXShellScriptBuildPhase;
			buildActionMask = 2147483647;
			files = (
			);
			inputPaths = (
			);
			outputPaths = (
			);
			runOnlyForDeploymentPostprocessing = 0;
			shellPath = /bin/sh;
			shellScript = "export CODESIGN_ALLOCATE=/Applications/Xcode.app/Contents/Developer/Platforms/iPhoneOS.platform/Developer/usr/bin/codesign_allocate\nif [ \"${PLATFORM_NAME}\" == \"iphoneos\" ] || [ \"${PLATFORM_NAME}\" == \"ipados\" ]; then\n/Applications/Xcode.app/Contents/Developer/iphoneentitlements/gen_entitlements.py \"my.company.${PROJECT_NAME}\" \"${BUILT_PRODUCTS_DIR}/${WRAPPER_NAME}/${PROJECT_NAME}.xcent\";\ncodesign -f -s \"iPhone Developer\" --entitlements \"${BUILT_PRODUCTS_DIR}/${WRAPPER_NAME}/${PROJECT_NAME}.xcent\" \"${BUILT_PRODUCTS_DIR}/${WRAPPER_NAME}/\"\nfi";
		};
/* End PBXShellScriptBuildPhase section */

/* Begin PBXSourcesBuildPhase section */
		DF8142401530788600284D86 /* Sources */ = {
			isa = PBXSourcesBuildPhase;
			buildActionMask = 2147483647;
			files = (
				DF8142551530788700284D86 /* main.m in Sources */,
				DF8142591530788700284D86 /* UBTAppDelegate.m in Sources */,
				DF8142711530791F00284D86 /* FMDatabase.m in Sources */,
				DF8142721530791F00284D86 /* FMDatabaseAdditions.m in Sources */,
				DF8142731530791F00284D86 /* FMDatabasePool.m in Sources */,
				DF8142741530791F00284D86 /* FMDatabaseQueue.m in Sources */,
				DF8142751530791F00284D86 /* FMResultSet.m in Sources */,
				DF8142781530793600284D86 /* NSDate+Helper.m in Sources */,
				DFFDB10B15313F7F00FF6A47 /* RootViewController.m in Sources */,
				DFFDB11115316A0E00FF6A47 /* LabelConverter.m in Sources */,
				DFFDB11C15317AD400FF6A47 /* DatabaseAccess.m in Sources */,
				DFFDB12115317AE900FF6A47 /* PregnancyDaliyTips.m in Sources */,
				DFFDB12215317AE900FF6A47 /* PregnancyDaliyTipsType.m in Sources */,
				DFFDB12715317B1600FF6A47 /* PregnancyPeriod.m in Sources */,
				DFFDB12815317B1600FF6A47 /* PregnancyWeeklyTips.m in Sources */,
				DFFDB12B15317B4800FF6A47 /* NSObject+Properties.m in Sources */,
				DFFDB12E15317B5A00FF6A47 /* NSString+PropertyKVC.m in Sources */,
				DFEFF2B71531C80500A390F4 /* TipsViewController.m in Sources */,
				DFFB62591532BF8900BE246A /* PagingView.m in Sources */,
				DFDCC8311532EB9100E340BD /* HomeViewController.m in Sources */,
				DFDA06121532ECCA0038B1C5 /* AHomeView.m in Sources */,
				DF125FBA153412D500459D5D /* CalendarView.m in Sources */,
				DF125FD215354CF100459D5D /* TimeLineViewController.m in Sources */,
				DF125FD915354D1F00459D5D /* QAViewController.m in Sources */,
				DF125FDE15354D3500459D5D /* SearchViewController.m in Sources */,
				DF815FD61537D18C00AE17F9 /* OverlayViewController.m in Sources */,
				DF815FDA1537D51E00AE17F9 /* OverlayView.m in Sources */,
				DF81603E1538241A00AE17F9 /* MenuViewController.m in Sources */,
				DFE720901538734A0020DFD8 /* UPTContentView.m in Sources */,
				DFF832AC153952BA005AA2C9 /* DirectionPanGestureRecognizer.m in Sources */,
				DF1A566B153AA18E005FB635 /* BookmarkTableViewController.m in Sources */,
				DF1A5671153AA4DE005FB635 /* SettingViewController.m in Sources */,
				DF1A5675153AAC0E005FB635 /* PregnancyBookmark.m in Sources */,
			);
			runOnlyForDeploymentPostprocessing = 0;
		};
/* End PBXSourcesBuildPhase section */

/* Begin PBXVariantGroup section */
		DF8142511530788600284D86 /* InfoPlist.strings */ = {
			isa = PBXVariantGroup;
			children = (
				DF8142521530788600284D86 /* en */,
				DFE7209D15388D860020DFD8 /* zh-Hans */,
			);
			name = InfoPlist.strings;
			sourceTree = "<group>";
		};
/* End PBXVariantGroup section */

/* Begin XCBuildConfiguration section */
		DF81425A1530788700284D86 /* Debug */ = {
			isa = XCBuildConfiguration;
			buildSettings = {
				ALWAYS_SEARCH_USER_PATHS = NO;
				ARCHS = "$(ARCHS_STANDARD_32_BIT)";
				"CODE_SIGN_IDENTITY[sdk=iphoneos*]" = "";
				COPY_PHASE_STRIP = NO;
				GCC_C_LANGUAGE_STANDARD = gnu99;
				GCC_DYNAMIC_NO_PIC = NO;
				GCC_OPTIMIZATION_LEVEL = 0;
				GCC_PREPROCESSOR_DEFINITIONS = (
					"DEBUG=1",
					"$(inherited)",
				);
				GCC_SYMBOLS_PRIVATE_EXTERN = NO;
				GCC_VERSION = com.apple.compilers.llvm.clang.1_0;
				GCC_WARN_ABOUT_RETURN_TYPE = YES;
				GCC_WARN_UNINITIALIZED_AUTOS = YES;
				GCC_WARN_UNUSED_VARIABLE = YES;
				IPHONEOS_DEPLOYMENT_TARGET = 5.0;
				SDKROOT = iphoneos;
				TARGETED_DEVICE_FAMILY = "1,2";
			};
			name = Debug;
		};
		DF81425B1530788700284D86 /* Release */ = {
			isa = XCBuildConfiguration;
			buildSettings = {
				ALWAYS_SEARCH_USER_PATHS = NO;
				ARCHS = "$(ARCHS_STANDARD_32_BIT)";
				"CODE_SIGN_IDENTITY[sdk=iphoneos*]" = "";
				COPY_PHASE_STRIP = YES;
				GCC_C_LANGUAGE_STANDARD = gnu99;
				GCC_VERSION = com.apple.compilers.llvm.clang.1_0;
				GCC_WARN_ABOUT_RETURN_TYPE = YES;
				GCC_WARN_UNINITIALIZED_AUTOS = YES;
				GCC_WARN_UNUSED_VARIABLE = YES;
				IPHONEOS_DEPLOYMENT_TARGET = 5.0;
				OTHER_CFLAGS = "-DNS_BLOCK_ASSERTIONS=1";
				SDKROOT = iphoneos;
				TARGETED_DEVICE_FAMILY = "1,2";
				VALIDATE_PRODUCT = YES;
			};
			name = Release;
		};
		DF81425D1530788700284D86 /* Debug */ = {
			isa = XCBuildConfiguration;
			buildSettings = {
				"CODE_SIGN_IDENTITY[sdk=iphoneos*]" = "";
				GCC_PRECOMPILE_PREFIX_HEADER = YES;
				GCC_PREFIX_HEADER = "UPregnancyTime/UPregnancyTime-Prefix.pch";
				INFOPLIST_FILE = "UPregnancyTime/UPregnancyTime-Info.plist";
				PRODUCT_NAME = "$(TARGET_NAME)";
				WRAPPER_EXTENSION = app;
			};
			name = Debug;
		};
		DF81425E1530788700284D86 /* Release */ = {
			isa = XCBuildConfiguration;
			buildSettings = {
				"CODE_SIGN_IDENTITY[sdk=iphoneos*]" = "";
				GCC_PRECOMPILE_PREFIX_HEADER = YES;
				GCC_PREFIX_HEADER = "UPregnancyTime/UPregnancyTime-Prefix.pch";
				INFOPLIST_FILE = "UPregnancyTime/UPregnancyTime-Info.plist";
				PRODUCT_NAME = "$(TARGET_NAME)";
				WRAPPER_EXTENSION = app;
			};
			name = Release;
		};
/* End XCBuildConfiguration section */

/* Begin XCConfigurationList section */
		DF81423E1530788600284D86 /* Build configuration list for PBXProject "UPregnancyTime" */ = {
			isa = XCConfigurationList;
			buildConfigurations = (
				DF81425A1530788700284D86 /* Debug */,
				DF81425B1530788700284D86 /* Release */,
			);
			defaultConfigurationIsVisible = 0;
			defaultConfigurationName = Release;
		};
		DF81425C1530788700284D86 /* Build configuration list for PBXNativeTarget "UPregnancyTime" */ = {
			isa = XCConfigurationList;
			buildConfigurations = (
				DF81425D1530788700284D86 /* Debug */,
				DF81425E1530788700284D86 /* Release */,
			);
			defaultConfigurationIsVisible = 0;
			defaultConfigurationName = Release;
		};
/* End XCConfigurationList section */
	};
	rootObject = DF81423B1530788600284D86 /* Project object */;
}
